
Microsoft Visual Studio Solution File, Format Version 12.00
# Visual Studio Version 17
VisualStudioVersion = 17.2.32516.85
MinimumVisualStudioVersion = 10.0.40219.1
Project("{888888A0-9F3D-457C-B088-3A5042F75D52}") = "TaipeiMetroParser", "TaipeiMetroParser.pyproj", "{401CBCB5-B82A-40E9-B36D-534F6238CF8A}"
EndProject
Global
	GlobalSection(SolutionConfigurationPlatforms) = preSolution
		Debug|Any CPU = Debug|Any CPU
		Release|Any CPU = Release|Any CPU
	EndGlobalSection
	GlobalSection(ProjectConfigurationPlatforms) = postSolution
		{401CBCB5-B82A-40E9-B36D-534F6238CF8A}.Debug|Any CPU.ActiveCfg = Debug|Any CPU
		{401CBCB5-B82A-40E9-B36D-534F6238CF8A}.Release|Any CPU.ActiveCfg = Release|Any CPU
	EndGlobalSection
	GlobalSection(SolutionProperties) = preSolution
		HideSolutionNode = FALSE
	EndGlobalSection
	GlobalSection(ExtensibilityGlobals) = postSolution
		SolutionGuid = {A524B60B-7EB4-408C-8727-CBEE4E434771}
	EndGlobalSection
EndGlobal
